
Microsoft Visual Studio Solution File, Format Version 12.00
# Visual Studio Version 17
VisualStudioVersion = 17.11.35327.3
MinimumVisualStudioVersion = 10.0.40219.1
Project("{FAE04EC0-301F-11D3-BF4B-00C04F79EFBC}") = "WebApplication1", "WebApplication1.csproj", "{029CE0B3-C4CD-434A-A43E-5F0241A64395}"
EndProject
Global
	GlobalSection(SolutionConfigurationPlatforms) = preSolution
		Debug|Any CPU = Debug|Any CPU
		Release|Any CPU = Release|Any CPU
	EndGlobalSection
	GlobalSection(ProjectConfigurationPlatforms) = postSolution
		{029CE0B3-C4CD-434A-A43E-5F0241A64395}.Debug|Any CPU.ActiveCfg = Debug|Any CPU
		{029CE0B3-C4CD-434A-A43E-5F0241A64395}.Debug|Any CPU.Build.0 = Debug|Any CPU
		{029CE0B3-C4CD-434A-A43E-5F0241A64395}.Release|Any CPU.ActiveCfg = Release|Any CPU
		{029CE0B3-C4CD-434A-A43E-5F0241A64395}.Release|Any CPU.Build.0 = Release|Any CPU
	EndGlobalSection
	GlobalSection(SolutionProperties) = preSolution
		HideSolutionNode = FALSE
	EndGlobalSection
	GlobalSection(ExtensibilityGlobals) = postSolution
		SolutionGuid = {DF5052E8-8995-4510-A01C-75B57356BA85}
	EndGlobalSection
EndGlobal
